<?xml version="1.0" encoding="utf-8"?>
<Project ToolsVersion="4.0" xmlns="http://schemas.microsoft.com/developer/msbuild/2003">
  <ItemGroup>
    <Filter Include="Source Files">
      <UniqueIdentifier>{4FC737F1-C7A5-4376-A066-2A32D752A2FF}</UniqueIdentifier>
      <Extensions>cpp;c;cc;cxx;def;odl;idl;hpj;bat;asm;asmx</Extensions>
    </Filter>
    <Filter Include="Header Files">
      <UniqueIdentifier>{93995380-89BD-4b04-88EB-625FBE52EBFB}</UniqueIdentifier>
      <Extensions>h;hh;hpp;hxx;hm;inl;inc;xsd</Extensions>
    </Filter>
    <Filter Include="Resource Files">
      <UniqueIdentifier>{67DA6AB6-F800-4c08-8B7A-83BB121AAD01}</UniqueIdentifier>
      <Extensions>rc;ico;cur;bmp;dlg;rc2;rct;bin;rgs;gif;jpg;jpeg;jpe;resx;tiff;tif;png;wav;mfcribbon-ms</Extensions>
    </Filter>
    <Filter Include="ChangeDetection">
      <UniqueIdentifier>{f637019b-6686-4333-b75f-511ac512c165}</UniqueIdentifier>
    </Filter>
    <Filter Include="ChangeDetection\HeaderFiles">
      <UniqueIdentifier>{a91d85d9-c594-4dc2-a136-c4bdefe2b475}</UniqueIdentifier>
    </Filter>
    <Filter Include="ChangeDetection\SourceFiles">
      <UniqueIdentifier>{f14e4290-62e3-4da1-813f-c9a8a81b8910}</UniqueIdentifier>
    </Filter>
    <Filter Include="ChangeDetection\ProcessingAlgorithms">
      <UniqueIdentifier>{8f8969d2-5e2a-40f0-b35e-3da0fff793a2}</UniqueIdentifier>
    </Filter>
    <Filter Include="OdroidCommunicator">
      <UniqueIdentifier>{2bc8d30b-d8f3-41ff-aba2-76ac239b5401}</UniqueIdentifier>
    </Filter>
    <Filter Include="OdroidCommunicator\HeaderFiles">
      <UniqueIdentifier>{4e24780f-a568-417d-8505-ca589e7def96}</UniqueIdentifier>
    </Filter>
    <Filter Include="OdroidCommunicator\SourceFiles">
      <UniqueIdentifier>{aa343050-79f9-4832-b4ef-8702d930f125}</UniqueIdentifier>
    </Filter>
    <Filter Include="CameraInterface">
      <UniqueIdentifier>{db2ee5da-f978-40ff-84ad-596f712c06b4}</UniqueIdentifier>
    </Filter>
    <Filter Include="CameraInterface\HeaderFiles">
      <UniqueIdentifier>{71e77fda-6a60-4bbb-832f-71c09a6d74b3}</UniqueIdentifier>
    </Filter>
    <Filter Include="CameraInterface\SourceFiles">
      <UniqueIdentifier>{f33c2992-6a9f-4e24-b5f8-81dfe1efb326}</UniqueIdentifier>
    </Filter>
    <Filter Include="BitmapDisplay">
      <UniqueIdentifier>{3227aa5b-7809-4403-8a3e-105e78e44f24}</UniqueIdentifier>
    </Filter>
    <Filter Include="BitmapDisplay\HeaderFiles">
      <UniqueIdentifier>{f90865ec-4dd3-4598-9cc7-8d40863ab80b}</UniqueIdentifier>
    </Filter>
    <Filter Include="BitmapDisplay\SourceFiles">
      <UniqueIdentifier>{0f8229a1-d74a-4082-9402-a375929d9df4}</UniqueIdentifier>
    </Filter>
    <Filter Include="ImageFiltering">
      <UniqueIdentifier>{04b80714-dad7-4efa-b49a-db505b44c5f4}</UniqueIdentifier>
    </Filter>
    <Filter Include="ImageFiltering\HeaderFiles">
      <UniqueIdentifier>{f31daa7e-c87c-4b07-b5a7-f13da58c0914}</UniqueIdentifier>
    </Filter>
    <Filter Include="ImageFiltering\SourceFiles">
      <UniqueIdentifier>{f84cc144-f068-4d32-bb1f-c05b616ebe67}</UniqueIdentifier>
    </Filter>
    <Filter Include="PTSCommunicator">
      <UniqueIdentifier>{ff57ab9e-5279-4cb2-921b-dace8ea14fad}</UniqueIdentifier>
    </Filter>
    <Filter Include="PTSCommunicator\HeaderFiles">
      <UniqueIdentifier>{ba300e27-917a-4128-8e63-dfbef316d180}</UniqueIdentifier>
    </Filter>
    <Filter Include="PTSCommunicator\SourceFiles">
      <UniqueIdentifier>{5be9f997-8911-4154-be21-225843778041}</UniqueIdentifier>
    </Filter>
    <Filter Include="Database">
      <UniqueIdentifier>{e668c1f8-385b-42c1-928b-150c93055f4a}</UniqueIdentifier>
    </Filter>
    <Filter Include="Database\HeaderFiles">
      <UniqueIdentifier>{a1dadaa2-f477-4e9e-ac7c-99bb0943b34b}</UniqueIdentifier>
    </Filter>
    <Filter Include="Database\SourceFiles">
      <UniqueIdentifier>{c4cc699d-9978-4dc7-82bf-a4ae66ef86bd}</UniqueIdentifier>
    </Filter>
    <Filter Include="ImageFiltering\ImageFilterProcesing">
      <UniqueIdentifier>{6b3141bb-aaa0-4667-93f5-391793af3089}</UniqueIdentifier>
    </Filter>
    <Filter Include="ImageFiltering\ImageFilterProcesing\HeaderFiles">
      <UniqueIdentifier>{90bd310b-8ecb-433b-a777-d33c26421d4f}</UniqueIdentifier>
    </Filter>
    <Filter Include="ImageFiltering\ImageFilterProcesing\SourceFiles">
      <UniqueIdentifier>{9a524954-c7c3-4d3c-9c7e-327939ee4b38}</UniqueIdentifier>
    </Filter>
    <Filter Include="miniIni">
      <UniqueIdentifier>{e0dc87b5-9857-4a6b-b9df-6ee06b30e1d8}</UniqueIdentifier>
    </Filter>
    <Filter Include="miniIni\Implementation">
      <UniqueIdentifier>{5f9f7f91-bbb6-4a91-bd03-86683f241e9e}</UniqueIdentifier>
    </Filter>
    <Filter Include="miniIni\Implementation\HeaderFiles">
      <UniqueIdentifier>{82282e20-9dc0-4cb0-a910-c0ce7308f51e}</UniqueIdentifier>
    </Filter>
    <Filter Include="miniIni\Implementation\SourceFiles">
      <UniqueIdentifier>{9d82bfa7-1f01-4963-81c9-c6cc7ab256d3}</UniqueIdentifier>
    </Filter>
    <Filter Include="miniIni\Processing">
      <UniqueIdentifier>{26c4cecb-821d-44a3-bcf1-39fb180531c3}</UniqueIdentifier>
    </Filter>
    <Filter Include="miniIni\Processing\HeaderFiles">
      <UniqueIdentifier>{7aeef1fc-9a90-481d-a04a-9c3e7b91c4e6}</UniqueIdentifier>
    </Filter>
    <Filter Include="miniIni\Processing\SourceFiles">
      <UniqueIdentifier>{29a956c9-8279-4c04-a0aa-0b92b2b73b0a}</UniqueIdentifier>
    </Filter>
    <Filter Include="VehicleDetection">
      <UniqueIdentifier>{656e96ac-9cdb-4eb4-adb0-bc067ae149b3}</UniqueIdentifier>
    </Filter>
    <Filter Include="VehicleDetection\HeaderFiles">
      <UniqueIdentifier>{c3f4204c-5b36-45ea-93b5-bd5dbd103f85}</UniqueIdentifier>
    </Filter>
    <Filter Include="VehicleDetection\SourceFiles">
      <UniqueIdentifier>{cda50bd8-d717-441a-a9f8-d74f607d4b97}</UniqueIdentifier>
    </Filter>
  </ItemGroup>
  <ItemGroup>
    <Text Include="ReadMe.txt" />
  </ItemGroup>
  <ItemGroup>
    <ClInclude Include="stdafx.h">
      <Filter>Header Files</Filter>
    </ClInclude>
    <ClInclude Include="targetver.h">
      <Filter>Header Files</Filter>
    </ClInclude>
    <ClInclude Include="MainFrm.h">
      <Filter>Header Files</Filter>
    </ClInclude>
    <ClInclude Include="ARALGISView.h">
      <Filter>Header Files</Filter>
    </ClInclude>
    <ClInclude Include="Resource.h">
      <Filter>Header Files</Filter>
    </ClInclude>
    <ClInclude Include="ChangeDetection\HeaderFiles\ChangeDetectController.h">
      <Filter>ChangeDetection\HeaderFiles</Filter>
    </ClInclude>
    <ClInclude Include="ChangeDetection\HeaderFiles\ChangeDetector.h">
      <Filter>ChangeDetection\HeaderFiles</Filter>
    </ClInclude>
    <ClInclude Include="ChangeDetection\ProcessingAlgorithms\DifferenceCalculator.h">
      <Filter>ChangeDetection\ProcessingAlgorithms</Filter>
    </ClInclude>
    <ClInclude Include="ChangeDetection\ProcessingAlgorithms\DisplayMatches.h">
      <Filter>ChangeDetection\ProcessingAlgorithms</Filter>
    </ClInclude>
    <ClInclude Include="ChangeDetection\ProcessingAlgorithms\Histogram.h">
      <Filter>ChangeDetection\ProcessingAlgorithms</Filter>
    </ClInclude>
    <ClInclude Include="ChangeDetection\ProcessingAlgorithms\HistogramMatch.h">
      <Filter>ChangeDetection\ProcessingAlgorithms</Filter>
    </ClInclude>
    <ClInclude Include="ChangeDetection\ProcessingAlgorithms\HomographyEstimator.h">
      <Filter>ChangeDetection\ProcessingAlgorithms</Filter>
    </ClInclude>
    <ClInclude Include="ChangeDetection\ProcessingAlgorithms\Image.h">
      <Filter>ChangeDetection\ProcessingAlgorithms</Filter>
    </ClInclude>
    <ClInclude Include="ChangeDetection\ProcessingAlgorithms\ImageDisplayer.h">
      <Filter>ChangeDetection\ProcessingAlgorithms</Filter>
    </ClInclude>
    <ClInclude Include="ChangeDetection\ProcessingAlgorithms\ImagePartition.h">
      <Filter>ChangeDetection\ProcessingAlgorithms</Filter>
    </ClInclude>
    <ClInclude Include="ChangeDetection\ProcessingAlgorithms\KapurThreshold.h">
      <Filter>ChangeDetection\ProcessingAlgorithms</Filter>
    </ClInclude>
    <ClInclude Include="ChangeDetection\ProcessingAlgorithms\MatchCombinerEliminator.h">
      <Filter>ChangeDetection\ProcessingAlgorithms</Filter>
    </ClInclude>
    <ClInclude Include="ChangeDetection\ProcessingAlgorithms\MeanDifferenceCalculator.h">
      <Filter>ChangeDetection\ProcessingAlgorithms</Filter>
    </ClInclude>
    <ClInclude Include="ChangeDetection\ProcessingAlgorithms\OtsuThreshold.h">
      <Filter>ChangeDetection\ProcessingAlgorithms</Filter>
    </ClInclude>
    <ClInclude Include="ChangeDetection\ProcessingAlgorithms\PreprocessImage.h">
      <Filter>ChangeDetection\ProcessingAlgorithms</Filter>
    </ClInclude>
    <ClInclude Include="ChangeDetection\ProcessingAlgorithms\RobustMatcher.h">
      <Filter>ChangeDetection\ProcessingAlgorithms</Filter>
    </ClInclude>
    <ClInclude Include="ChangeDetection\ProcessingAlgorithms\RosinThreshold.h">
      <Filter>ChangeDetection\ProcessingAlgorithms</Filter>
    </ClInclude>
    <ClInclude Include="ChangeDetection\ProcessingAlgorithms\Settings.h">
      <Filter>ChangeDetection\ProcessingAlgorithms</Filter>
    </ClInclude>
    <ClInclude Include="ChangeDetection\ProcessingAlgorithms\SpectralAngleMapper.h">
      <Filter>ChangeDetection\ProcessingAlgorithms</Filter>
    </ClInclude>
    <ClInclude Include="ChangeDetection\ProcessingAlgorithms\ThreshBora.h">
      <Filter>ChangeDetection\ProcessingAlgorithms</Filter>
    </ClInclude>
    <ClInclude Include="ChangeDetection\ProcessingAlgorithms\ThreshBora1.h">
      <Filter>ChangeDetection\ProcessingAlgorithms</Filter>
    </ClInclude>
    <ClInclude Include="ChangeDetection\ProcessingAlgorithms\ThresholdSAM.h">
      <Filter>ChangeDetection\ProcessingAlgorithms</Filter>
    </ClInclude>
    <ClInclude Include="ChangeDetection\ProcessingAlgorithms\TransformImage.h">
      <Filter>ChangeDetection\ProcessingAlgorithms</Filter>
    </ClInclude>
    <ClInclude Include="OdroidCommunicator\HeaderFiles\OdroidCommunicator.h">
      <Filter>OdroidCommunicator\HeaderFiles</Filter>
    </ClInclude>
    <ClInclude Include="CameraInterface\HeaderFiles\CameraDataReceiver.h">
      <Filter>CameraInterface\HeaderFiles</Filter>
    </ClInclude>
    <ClInclude Include="CameraInterface\HeaderFiles\ReceiveCameraImage.h">
      <Filter>CameraInterface\HeaderFiles</Filter>
    </ClInclude>
    <ClInclude Include="ARALGIS.h">
      <Filter>Header Files</Filter>
    </ClInclude>
    <ClInclude Include="ARALGISDoc.h">
      <Filter>Header Files</Filter>
    </ClInclude>
    <ClInclude Include="Constants.h">
      <Filter>Header Files</Filter>
    </ClInclude>
    <ClInclude Include="InitGlobalVars.h">
      <Filter>Header Files</Filter>
    </ClInclude>
    <ClInclude Include="BitmapDisplay\HeaderFiles\PkMattoGDI.h">
      <Filter>BitmapDisplay\HeaderFiles</Filter>
    </ClInclude>
    <ClInclude Include="BitmapDisplay\HeaderFiles\SapToGDI.h">
      <Filter>BitmapDisplay\HeaderFiles</Filter>
    </ClInclude>
    <ClInclude Include="ColorFormView.h">
      <Filter>Header Files</Filter>
    </ClInclude>
    <ClInclude Include="WndResizer.h">
      <Filter>Header Files</Filter>
    </ClInclude>
    <ClInclude Include="ImageFiltering\HeaderFiles\cvt.hpp">
      <Filter>ImageFiltering\HeaderFiles</Filter>
    </ClInclude>
    <ClInclude Include="ImageFiltering\HeaderFiles\pixkit-image.hpp">
      <Filter>ImageFiltering\HeaderFiles</Filter>
    </ClInclude>
    <ClInclude Include="ImageFiltering\HeaderFiles\Includes.h">
      <Filter>ImageFiltering\HeaderFiles</Filter>
    </ClInclude>
    <ClInclude Include="PTSCommunicator\HeaderFiles\PTSCommunicator.h">
      <Filter>PTSCommunicator\HeaderFiles</Filter>
    </ClInclude>
    <ClInclude Include="BitmapDisplay\HeaderFiles\PictureCtrl.h">
      <Filter>BitmapDisplay\HeaderFiles</Filter>
    </ClInclude>
    <ClInclude Include="PTSCommunicator\HeaderFiles\PTSMessageDefinitions.h">
      <Filter>PTSCommunicator\HeaderFiles</Filter>
    </ClInclude>
    <ClInclude Include="OdroidCommunicator\HeaderFiles\OdroidMessageDefinitions.h">
      <Filter>OdroidCommunicator\HeaderFiles</Filter>
    </ClInclude>
    <ClInclude Include="ColourButton.h">
      <Filter>Header Files</Filter>
    </ClInclude>
    <ClInclude Include="Database\HeaderFiles\CameraDBServer.h">
      <Filter>Database\HeaderFiles</Filter>
    </ClInclude>
    <ClInclude Include="ImageFiltering\ImageFilterProcessing\HeaderFiles\ImageFilterProcessing.h">
      <Filter>ImageFiltering\ImageFilterProcesing\HeaderFiles</Filter>
    </ClInclude>
    <ClInclude Include="VehicleDlg.h">
      <Filter>Header Files</Filter>
    </ClInclude>
    <ClInclude Include="MiniIni\Implementation\HeaderFiles\allocator.h">
      <Filter>miniIni\Implementation\HeaderFiles</Filter>
    </ClInclude>
    <ClInclude Include="MiniIni\Implementation\HeaderFiles\globals.h">
      <Filter>miniIni\Implementation\HeaderFiles</Filter>
    </ClInclude>
    <ClInclude Include="MiniIni\Implementation\HeaderFiles\inifile.h">
      <Filter>miniIni\Implementation\HeaderFiles</Filter>
    </ClInclude>
    <ClInclude Include="MiniIni\Implementation\HeaderFiles\inifileutil.h">
      <Filter>miniIni\Implementation\HeaderFiles</Filter>
    </ClInclude>
    <ClInclude Include="MiniIni\Implementation\HeaderFiles\inisection.h">
      <Filter>miniIni\Implementation\HeaderFiles</Filter>
    </ClInclude>
    <ClInclude Include="MiniIni\Implementation\HeaderFiles\inisectionutil.h">
      <Filter>miniIni\Implementation\HeaderFiles</Filter>
    </ClInclude>
    <ClInclude Include="MiniIni\Implementation\HeaderFiles\linetoken.h">
      <Filter>miniIni\Implementation\HeaderFiles</Filter>
    </ClInclude>
    <ClInclude Include="MiniIni\Implementation\HeaderFiles\log.h">
      <Filter>miniIni\Implementation\HeaderFiles</Filter>
    </ClInclude>
    <ClInclude Include="MiniIni\Implementation\HeaderFiles\miniini.h">
      <Filter>miniIni\Implementation\HeaderFiles</Filter>
    </ClInclude>
    <ClInclude Include="MiniIni\Implementation\HeaderFiles\miniini_assert.h">
      <Filter>miniIni\Implementation\HeaderFiles</Filter>
    </ClInclude>
    <ClInclude Include="MiniIni\Implementation\HeaderFiles\parse.h">
      <Filter>miniIni\Implementation\HeaderFiles</Filter>
    </ClInclude>
    <ClInclude Include="MiniIni\Implementation\HeaderFiles\time.h">
      <Filter>miniIni\Implementation\HeaderFiles</Filter>
    </ClInclude>
    <ClInclude Include="MiniIni\Implementation\HeaderFiles\typedefs.h">
      <Filter>miniIni\Implementation\HeaderFiles</Filter>
    </ClInclude>
    <ClInclude Include="MiniIni\Implementation\HeaderFiles\util.h">
      <Filter>miniIni\Implementation\HeaderFiles</Filter>
    </ClInclude>
    <ClInclude Include="MiniIni\Processing\HeaderFiles\IniFileProcessing.h">
      <Filter>miniIni\Processing\HeaderFiles</Filter>
    </ClInclude>
    <ClInclude Include="Database\HeaderFiles\BlackListSet.h">
      <Filter>Database\HeaderFiles</Filter>
    </ClInclude>
    <ClInclude Include="Database\HeaderFiles\DriverInfoSet.h">
      <Filter>Database\HeaderFiles</Filter>
    </ClInclude>
    <ClInclude Include="Database\HeaderFiles\GateSet.h">
      <Filter>Database\HeaderFiles</Filter>
    </ClInclude>
    <ClInclude Include="Database\HeaderFiles\UserInfoSet.h">
      <Filter>Database\HeaderFiles</Filter>
    </ClInclude>
    <ClInclude Include="Database\HeaderFiles\VehicleInfoSet.h">
      <Filter>Database\HeaderFiles</Filter>
    </ClInclude>
    <ClInclude Include="Database\HeaderFiles\VehiclePassageSet.h">
      <Filter>Database\HeaderFiles</Filter>
    </ClInclude>
    <ClInclude Include="Database\HeaderFiles\VehicleSet.h">
      <Filter>Database\HeaderFiles</Filter>
    </ClInclude>
    <ClInclude Include="VehicleDetection\HeaderFiles\VehicleDetection.h">
      <Filter>VehicleDetection\HeaderFiles</Filter>
    </ClInclude>
    <ClInclude Include="DBUpdateAckDlg.h">
      <Filter>Header Files</Filter>
    </ClInclude>
    <ClInclude Include="Database\HeaderFiles\DriverSet.h">
      <Filter>Database\HeaderFiles</Filter>
    </ClInclude>
    <ClInclude Include="DriverAckDlg.h">
      <Filter>Header Files</Filter>
    </ClInclude>
  </ItemGroup>
  <ItemGroup>
    <ClCompile Include="stdafx.cpp">
      <Filter>Source Files</Filter>
    </ClCompile>
    <ClCompile Include="MainFrm.cpp">
      <Filter>Source Files</Filter>
    </ClCompile>
    <ClCompile Include="ARALGISView.cpp">
      <Filter>Source Files</Filter>
    </ClCompile>
    <ClCompile Include="ChangeDetection\SourceFiles\ChangeDetectController.cpp">
      <Filter>ChangeDetection\SourceFiles</Filter>
    </ClCompile>
    <ClCompile Include="ChangeDetection\SourceFiles\ChangeDetector.cpp">
      <Filter>ChangeDetection\SourceFiles</Filter>
    </ClCompile>
    <ClCompile Include="OdroidCommunicator\SourceFiles\OdroidCommunicator.cpp">
      <Filter>OdroidCommunicator\SourceFiles</Filter>
    </ClCompile>
    <ClCompile Include="CameraInterface\SourceFiles\CameraDataReceiver.cpp">
      <Filter>CameraInterface\SourceFiles</Filter>
    </ClCompile>
    <ClCompile Include="CameraInterface\SourceFiles\ReceiveCameraImage.cpp">
      <Filter>CameraInterface\SourceFiles</Filter>
    </ClCompile>
    <ClCompile Include="ARALGIS.cpp">
      <Filter>Source Files</Filter>
    </ClCompile>
    <ClCompile Include="ARALGISDoc.cpp">
      <Filter>Source Files</Filter>
    </ClCompile>
    <ClCompile Include="InitGlobalVars.cpp">
      <Filter>Source Files</Filter>
    </ClCompile>
    <ClCompile Include="BitmapDisplay\SourceFiles\PkMattoGDI.cpp">
      <Filter>BitmapDisplay\SourceFiles</Filter>
    </ClCompile>
    <ClCompile Include="BitmapDisplay\SourceFiles\SapToGDI.cpp">
      <Filter>BitmapDisplay\SourceFiles</Filter>
    </ClCompile>
    <ClCompile Include="ColorFormView.cpp">
      <Filter>Source Files</Filter>
    </ClCompile>
    <ClCompile Include="WndResizer.cpp">
      <Filter>Source Files</Filter>
    </ClCompile>
    <ClCompile Include="ImageFiltering\SourceFiles\CelikTjahjadi2012.cpp">
      <Filter>ImageFiltering\SourceFiles</Filter>
    </ClCompile>
    <ClCompile Include="ImageFiltering\SourceFiles\comp.cpp">
      <Filter>ImageFiltering\SourceFiles</Filter>
    </ClCompile>
    <ClCompile Include="ImageFiltering\SourceFiles\cvt.cpp">
      <Filter>ImageFiltering\SourceFiles</Filter>
    </ClCompile>
    <ClCompile Include="ImageFiltering\SourceFiles\DBSBTC2011.cpp">
      <Filter>ImageFiltering\SourceFiles</Filter>
    </ClCompile>
    <ClCompile Include="ImageFiltering\SourceFiles\enhancement.cpp">
      <Filter>ImageFiltering\SourceFiles</Filter>
    </ClCompile>
    <ClCompile Include="ImageFiltering\SourceFiles\filtering.cpp">
      <Filter>ImageFiltering\SourceFiles</Filter>
    </ClCompile>
    <ClCompile Include="ImageFiltering\SourceFiles\iCLUDMS2016.cpp">
      <Filter>ImageFiltering\SourceFiles</Filter>
    </ClCompile>
    <ClCompile Include="ImageFiltering\SourceFiles\IW_PSNR.cpp">
      <Filter>ImageFiltering\SourceFiles</Filter>
    </ClCompile>
    <ClCompile Include="ImageFiltering\SourceFiles\IW_SSIM.cpp">
      <Filter>ImageFiltering\SourceFiles</Filter>
    </ClCompile>
    <ClCompile Include="ImageFiltering\SourceFiles\LAT2011.cpp">
      <Filter>ImageFiltering\SourceFiles</Filter>
    </ClCompile>
    <ClCompile Include="ImageFiltering\SourceFiles\MSRCP2014.cpp">
      <Filter>ImageFiltering\SourceFiles</Filter>
    </ClCompile>
    <ClCompile Include="ImageFiltering\SourceFiles\NADD.cpp">
      <Filter>ImageFiltering\SourceFiles</Filter>
    </ClCompile>
    <ClCompile Include="ImageFiltering\SourceFiles\NRCIR2009.cpp">
      <Filter>ImageFiltering\SourceFiles</Filter>
    </ClCompile>
    <ClCompile Include="ImageFiltering\SourceFiles\PGF1999.cpp">
      <Filter>ImageFiltering\SourceFiles</Filter>
    </ClCompile>
    <ClCompile Include="ImageFiltering\SourceFiles\pohe.cpp">
      <Filter>ImageFiltering\SourceFiles</Filter>
    </ClCompile>
    <ClCompile Include="ImageFiltering\SourceFiles\retinex.cpp">
      <Filter>ImageFiltering\SourceFiles</Filter>
    </ClCompile>
    <ClCompile Include="ImageFiltering\SourceFiles\WangZhengHuLi2013.cpp">
      <Filter>ImageFiltering\SourceFiles</Filter>
    </ClCompile>
    <ClCompile Include="PTSCommunicator\SourceFiles\PTSCommunicator.cpp">
      <Filter>PTSCommunicator\SourceFiles</Filter>
    </ClCompile>
    <ClCompile Include="BitmapDisplay\SourceFiles\PictureCtrl.cpp">
      <Filter>BitmapDisplay\SourceFiles</Filter>
    </ClCompile>
    <ClCompile Include="ColourButton.cpp">
      <Filter>Source Files</Filter>
    </ClCompile>
    <ClCompile Include="Database\SourceFiles\CameraDBServer.cpp">
      <Filter>Database\SourceFiles</Filter>
    </ClCompile>
    <ClCompile Include="ImageFiltering\ImageFilterProcessing\SourceFiles\ImageFilterProcessing.cpp">
      <Filter>ImageFiltering\ImageFilterProcesing\SourceFiles</Filter>
    </ClCompile>
    <ClCompile Include="VehicleDlg.cpp">
      <Filter>Source Files</Filter>
    </ClCompile>
    <ClCompile Include="MiniIni\Implementation\SourceFiles\allocator.cpp">
      <Filter>miniIni\Implementation\SourceFiles</Filter>
    </ClCompile>
    <ClCompile Include="MiniIni\Implementation\SourceFiles\benchmark.cpp">
      <Filter>miniIni\Implementation\SourceFiles</Filter>
    </ClCompile>
    <ClCompile Include="MiniIni\Implementation\SourceFiles\globals.cpp">
      <Filter>miniIni\Implementation\SourceFiles</Filter>
    </ClCompile>
    <ClCompile Include="MiniIni\Implementation\SourceFiles\inifile.cpp">
      <Filter>miniIni\Implementation\SourceFiles</Filter>
    </ClCompile>
    <ClCompile Include="MiniIni\Implementation\SourceFiles\inisection.cpp">
      <Filter>miniIni\Implementation\SourceFiles</Filter>
    </ClCompile>
    <ClCompile Include="MiniIni\Implementation\SourceFiles\log.cpp">
      <Filter>miniIni\Implementation\SourceFiles</Filter>
    </ClCompile>
    <ClCompile Include="MiniIni\Processing\SourceFiles\IniFileProcessing.cpp">
      <Filter>miniIni\Processing\SourceFiles</Filter>
    </ClCompile>
    <ClCompile Include="Database\SourceFiles\BlackListSet.cpp">
      <Filter>Database\SourceFiles</Filter>
    </ClCompile>
    <ClCompile Include="Database\SourceFiles\DriverInfoSet.cpp">
      <Filter>Database\SourceFiles</Filter>
    </ClCompile>
    <ClCompile Include="Database\SourceFiles\GateSet.cpp">
      <Filter>Database\SourceFiles</Filter>
    </ClCompile>
    <ClCompile Include="Database\SourceFiles\UserInfoSet.cpp">
      <Filter>Database\SourceFiles</Filter>
    </ClCompile>
    <ClCompile Include="Database\SourceFiles\VehicleInfoSet.cpp">
      <Filter>Database\SourceFiles</Filter>
    </ClCompile>
    <ClCompile Include="Database\SourceFiles\VehiclePassageSet.cpp">
      <Filter>Database\SourceFiles</Filter>
    </ClCompile>
    <ClCompile Include="Database\SourceFiles\VehicleSet.cpp">
      <Filter>Database\SourceFiles</Filter>
    </ClCompile>
    <ClCompile Include="VehicleDetection\SourceFiles\VehicleDetection.cpp">
      <Filter>VehicleDetection\SourceFiles</Filter>
    </ClCompile>
    <ClCompile Include="DBUpdateAckDlg.cpp">
      <Filter>Source Files</Filter>
    </ClCompile>
    <ClCompile Include="Database\SourceFiles\DriverSet.cpp">
      <Filter>Database\SourceFiles</Filter>
    </ClCompile>
    <ClCompile Include="DriverAckDlg.cpp">
      <Filter>Source Files</Filter>
    </ClCompile>
  </ItemGroup>
  <ItemGroup>
    <ResourceCompile Include="ARALGIS.rc">
      <Filter>Resource Files</Filter>
    </ResourceCompile>
  </ItemGroup>
  <ItemGroup>
    <None Include="res\ARALGIS.rc2">
      <Filter>Resource Files</Filter>
    </None>
  </ItemGroup>
  <ItemGroup>
    <Image Include="res\ARALGISDoc.ico">
      <Filter>Resource Files</Filter>
    </Image>
    <Image Include="res\ARALGIS.ico">
      <Filter>Resource Files</Filter>
    </Image>
    <Image Include="res\Toolbar.bmp">
      <Filter>Resource Files</Filter>
    </Image>
  </ItemGroup>
</Project>